Microsoft Visual Studio Solution File, Format Version 11.00
# Visual Studio 2008

Project("{7C827368-6708-F40C-A125-C9BDB1EE1ABE}") = "LudumDare34", "Assembly-CSharp-firstpass.csproj", "{903B72E1-E361-DBA0-02D7-DB2AF383D44D}"
EndProject
Project("{7C827368-6708-F40C-A125-C9BDB1EE1ABE}") = "LudumDare34", "Assembly-CSharp-Editor.csproj", "{6B2A401D-3AB4-A49C-A6CA-A2C5C7DE9892}"
EndProject
Global
	GlobalSection(SolutionConfigurationPlatforms) = preSolution
		Debug|Any CPU = Debug|Any CPU
		Release|Any CPU = Release|Any CPU
	EndGlobalSection
	GlobalSection(ProjectConfigurationPlatforms) = postSolution
		{903B72E1-E361-DBA0-02D7-DB2AF383D44D}.Debug|Any CPU.ActiveCfg = Debug|Any CPU
		{903B72E1-E361-DBA0-02D7-DB2AF383D44D}.Debug|Any CPU.Build.0 = Debug|Any CPU
		{903B72E1-E361-DBA0-02D7-DB2AF383D44D}.Release|Any CPU.ActiveCfg = Release|Any CPU
		{903B72E1-E361-DBA0-02D7-DB2AF383D44D}.Release|Any CPU.Build.0 = Release|Any CPU
		{6B2A401D-3AB4-A49C-A6CA-A2C5C7DE9892}.Debug|Any CPU.ActiveCfg = Debug|Any CPU
		{6B2A401D-3AB4-A49C-A6CA-A2C5C7DE9892}.Debug|Any CPU.Build.0 = Debug|Any CPU
		{6B2A401D-3AB4-A49C-A6CA-A2C5C7DE9892}.Release|Any CPU.ActiveCfg = Release|Any CPU
		{6B2A401D-3AB4-A49C-A6CA-A2C5C7DE9892}.Release|Any CPU.Build.0 = Release|Any CPU
	EndGlobalSection
	GlobalSection(SolutionProperties) = preSolution
		HideSolutionNode = FALSE
	EndGlobalSection
	GlobalSection(MonoDevelopProperties) = preSolution
		StartupItem = Assembly-CSharp.csproj
	EndGlobalSection
EndGlobal
